// !$*UTF8*$!
{
	archiveVersion = 1;
	classes = {
	};
	objectVersion = 56;
	objects = {

/* Begin PBXBuildFile section */
		1337F6B7217969FF508B2D44 /* Pods_SportsQuant_SportsQuantUITests.framework in Frameworks */ = {isa = PBXBuildFile; fileRef = D77C8D6F8DF36786AF15D710 /* Pods_SportsQuant_SportsQuantUITests.framework */; };
		22AB65507D9E997CB8D527F1 /* Pods_SportsQuant.framework in Frameworks */ = {isa = PBXBuildFile; fileRef = 6B7B38A5B5860FB8B6FCA06D /* Pods_SportsQuant.framework */; };
		4E479CED28F5EAE800757C9D /* TagsCollectionViewCell.swift in Sources */ = {isa = PBXBuildFile; fileRef = 4E479CEC28F5EAE800757C9D /* TagsCollectionViewCell.swift */; };
		4EBAF49228F5C7B300BF2EE5 /* NetworkManager.swift in Sources */ = {isa = PBXBuildFile; fileRef = 4EBAF48F28F5C7B200BF2EE5 /* NetworkManager.swift */; };
		4EBAF49328F5C7B300BF2EE5 /* UpcomingOddModel.swift in Sources */ = {isa = PBXBuildFile; fileRef = 4EBAF49028F5C7B200BF2EE5 /* UpcomingOddModel.swift */; };
		4EBAF49428F5C7B300BF2EE5 /* ApiModel.swift in Sources */ = {isa = PBXBuildFile; fileRef = 4EBAF49128F5C7B200BF2EE5 /* ApiModel.swift */; };
		4EBAF49628F5CF5800BF2EE5 /* SportsBetterDetailTableViewCell.swift in Sources */ = {isa = PBXBuildFile; fileRef = 4EBAF49528F5CF5800BF2EE5 /* SportsBetterDetailTableViewCell.swift */; };
		9D1F12A128F58D91007D1BC0 /* AppDelegate.swift in Sources */ = {isa = PBXBuildFile; fileRef = 9D1F12A028F58D91007D1BC0 /* AppDelegate.swift */; };
		9D1F12A528F58D91007D1BC0 /* ViewController.swift in Sources */ = {isa = PBXBuildFile; fileRef = 9D1F12A428F58D91007D1BC0 /* ViewController.swift */; };
		9D1F12A828F58D91007D1BC0 /* Main.storyboard in Resources */ = {isa = PBXBuildFile; fileRef = 9D1F12A628F58D91007D1BC0 /* Main.storyboard */; };
		9D1F12AA28F58D93007D1BC0 /* Assets.xcassets in Resources */ = {isa = PBXBuildFile; fileRef = 9D1F12A928F58D93007D1BC0 /* Assets.xcassets */; };
		9D1F12AD28F58D93007D1BC0 /* LaunchScreen.storyboard in Resources */ = {isa = PBXBuildFile; fileRef = 9D1F12AB28F58D93007D1BC0 /* LaunchScreen.storyboard */; };
		9D1F12B828F58D93007D1BC0 /* SportsQuantTests.swift in Sources */ = {isa = PBXBuildFile; fileRef = 9D1F12B728F58D93007D1BC0 /* SportsQuantTests.swift */; };
		9D1F12C228F58D93007D1BC0 /* SportsQuantUITests.swift in Sources */ = {isa = PBXBuildFile; fileRef = 9D1F12C128F58D93007D1BC0 /* SportsQuantUITests.swift */; };
		9D1F12C428F58D93007D1BC0 /* SportsQuantUITestsLaunchTests.swift in Sources */ = {isa = PBXBuildFile; fileRef = 9D1F12C328F58D93007D1BC0 /* SportsQuantUITestsLaunchTests.swift */; };
		9D902A5A28F6D2E8003E44A1 /* PayViewController.swift in Sources */ = {isa = PBXBuildFile; fileRef = 9D902A5928F6D2E8003E44A1 /* PayViewController.swift */; };
		9D902A5C28F6D48A003E44A1 /* GoogleService-Info.plist in Resources */ = {isa = PBXBuildFile; fileRef = 9D902A5B28F6D48A003E44A1 /* GoogleService-Info.plist */; };
		9D902A5D28F6D48A003E44A1 /* GoogleService-Info.plist in Resources */ = {isa = PBXBuildFile; fileRef = 9D902A5B28F6D48A003E44A1 /* GoogleService-Info.plist */; };
		9D902A5E28F6D48A003E44A1 /* GoogleService-Info.plist in Resources */ = {isa = PBXBuildFile; fileRef = 9D902A5B28F6D48A003E44A1 /* GoogleService-Info.plist */; };
		DBC9A735C834F3F18D566E2D /* Pods_SportsQuantTests.framework in Frameworks */ = {isa = PBXBuildFile; fileRef = AEFDD23CD8C18AA95A369F15 /* Pods_SportsQuantTests.framework */; };
/* End PBXBuildFile section */

/* Begin PBXContainerItemProxy section */
		9D1F12B428F58D93007D1BC0 /* PBXContainerItemProxy */ = {
			isa = PBXContainerItemProxy;
			containerPortal = 9D1F129528F58D91007D1BC0 /* Project object */;
			proxyType = 1;
			remoteGlobalIDString = 9D1F129C28F58D91007D1BC0;
			remoteInfo = SportsQuant;
		};
		9D1F12BE28F58D93007D1BC0 /* PBXContainerItemProxy */ = {
			isa = PBXContainerItemProxy;
			containerPortal = 9D1F129528F58D91007D1BC0 /* Project object */;
			proxyType = 1;
			remoteGlobalIDString = 9D1F129C28F58D91007D1BC0;
			remoteInfo = SportsQuant;
		};
/* End PBXContainerItemProxy section */

/* Begin PBXFileReference section */
		0FDB582AAE03D8EDF54EBD52 /* Pods-SportsQuant.debug.xcconfig */ = {isa = PBXFileReference; includeInIndex = 1; lastKnownFileType = text.xcconfig; name = "Pods-SportsQuant.debug.xcconfig"; path = "Target Support Files/Pods-SportsQuant/Pods-SportsQuant.debug.xcconfig"; sourceTree = "<group>"; };
		17DE67884E577448D32446CC /* Pods-SportsQuant-SportsQuantUITests.debug.xcconfig */ = {isa = PBXFileReference; includeInIndex = 1; lastKnownFileType = text.xcconfig; name = "Pods-SportsQuant-SportsQuantUITests.debug.xcconfig"; path = "Target Support Files/Pods-SportsQuant-SportsQuantUITests/Pods-SportsQuant-SportsQuantUITests.debug.xcconfig"; sourceTree = "<group>"; };
		3FD925993C0673A8F8CDE894 /* Pods-SportsQuant.release.xcconfig */ = {isa = PBXFileReference; includeInIndex = 1; lastKnownFileType = text.xcconfig; name = "Pods-SportsQuant.release.xcconfig"; path = "Target Support Files/Pods-SportsQuant/Pods-SportsQuant.release.xcconfig"; sourceTree = "<group>"; };
		4E479CEC28F5EAE800757C9D /* TagsCollectionViewCell.swift */ = {isa = PBXFileReference; lastKnownFileType = sourcecode.swift; path = TagsCollectionViewCell.swift; sourceTree = "<group>"; };
		4EBAF48F28F5C7B200BF2EE5 /* NetworkManager.swift */ = {isa = PBXFileReference; fileEncoding = 4; lastKnownFileType = sourcecode.swift; path = NetworkManager.swift; sourceTree = "<group>"; };
		4EBAF49028F5C7B200BF2EE5 /* UpcomingOddModel.swift */ = {isa = PBXFileReference; fileEncoding = 4; lastKnownFileType = sourcecode.swift; path = UpcomingOddModel.swift; sourceTree = "<group>"; };
		4EBAF49128F5C7B200BF2EE5 /* ApiModel.swift */ = {isa = PBXFileReference; fileEncoding = 4; lastKnownFileType = sourcecode.swift; path = ApiModel.swift; sourceTree = "<group>"; };
		4EBAF49528F5CF5800BF2EE5 /* SportsBetterDetailTableViewCell.swift */ = {isa = PBXFileReference; lastKnownFileType = sourcecode.swift; path = SportsBetterDetailTableViewCell.swift; sourceTree = "<group>"; };
		6B7B38A5B5860FB8B6FCA06D /* Pods_SportsQuant.framework */ = {isa = PBXFileReference; explicitFileType = wrapper.framework; includeInIndex = 0; path = Pods_SportsQuant.framework; sourceTree = BUILT_PRODUCTS_DIR; };
		6E82C38F5519EFB00F079A91 /* Pods-SportsQuantTests.debug.xcconfig */ = {isa = PBXFileReference; includeInIndex = 1; lastKnownFileType = text.xcconfig; name = "Pods-SportsQuantTests.debug.xcconfig"; path = "Target Support Files/Pods-SportsQuantTests/Pods-SportsQuantTests.debug.xcconfig"; sourceTree = "<group>"; };
		9D1F129D28F58D91007D1BC0 /* SportsQuant.app */ = {isa = PBXFileReference; explicitFileType = wrapper.application; includeInIndex = 0; path = SportsQuant.app; sourceTree = BUILT_PRODUCTS_DIR; };
		9D1F12A028F58D91007D1BC0 /* AppDelegate.swift */ = {isa = PBXFileReference; lastKnownFileType = sourcecode.swift; path = AppDelegate.swift; sourceTree = "<group>"; };
		9D1F12A428F58D91007D1BC0 /* ViewController.swift */ = {isa = PBXFileReference; lastKnownFileType = sourcecode.swift; path = ViewController.swift; sourceTree = "<group>"; };
		9D1F12A728F58D91007D1BC0 /* Base */ = {isa = PBXFileReference; lastKnownFileType = file.storyboard; name = Base; path = Base.lproj/Main.storyboard; sourceTree = "<group>"; };
		9D1F12A928F58D93007D1BC0 /* Assets.xcassets */ = {isa = PBXFileReference; lastKnownFileType = folder.assetcatalog; path = Assets.xcassets; sourceTree = "<group>"; };
		9D1F12AC28F58D93007D1BC0 /* Base */ = {isa = PBXFileReference; lastKnownFileType = file.storyboard; name = Base; path = Base.lproj/LaunchScreen.storyboard; sourceTree = "<group>"; };
		9D1F12AE28F58D93007D1BC0 /* Info.plist */ = {isa = PBXFileReference; lastKnownFileType = text.plist.xml; path = Info.plist; sourceTree = "<group>"; };
		9D1F12B328F58D93007D1BC0 /* SportsQuantTests.xctest */ = {isa = PBXFileReference; explicitFileType = wrapper.cfbundle; includeInIndex = 0; path = SportsQuantTests.xctest; sourceTree = BUILT_PRODUCTS_DIR; };
		9D1F12B728F58D93007D1BC0 /* SportsQuantTests.swift */ = {isa = PBXFileReference; lastKnownFileType = sourcecode.swift; path = SportsQuantTests.swift; sourceTree = "<group>"; };
		9D1F12BD28F58D93007D1BC0 /* SportsQuantUITests.xctest */ = {isa = PBXFileReference; explicitFileType = wrapper.cfbundle; includeInIndex = 0; path = SportsQuantUITests.xctest; sourceTree = BUILT_PRODUCTS_DIR; };
		9D1F12C128F58D93007D1BC0 /* SportsQuantUITests.swift */ = {isa = PBXFileReference; lastKnownFileType = sourcecode.swift; path = SportsQuantUITests.swift; sourceTree = "<group>"; };
		9D1F12C328F58D93007D1BC0 /* SportsQuantUITestsLaunchTests.swift */ = {isa = PBXFileReference; lastKnownFileType = sourcecode.swift; path = SportsQuantUITestsLaunchTests.swift; sourceTree = "<group>"; };
		9D902A5928F6D2E8003E44A1 /* PayViewController.swift */ = {isa = PBXFileReference; lastKnownFileType = sourcecode.swift; path = PayViewController.swift; sourceTree = "<group>"; };
		9D902A5B28F6D48A003E44A1 /* GoogleService-Info.plist */ = {isa = PBXFileReference; fileEncoding = 4; lastKnownFileType = text.plist.xml; name = "GoogleService-Info.plist"; path = "../../../Downloads/GoogleService-Info.plist"; sourceTree = "<group>"; };
		AEFDD23CD8C18AA95A369F15 /* Pods_SportsQuantTests.framework */ = {isa = PBXFileReference; explicitFileType = wrapper.framework; includeInIndex = 0; path = Pods_SportsQuantTests.framework; sourceTree = BUILT_PRODUCTS_DIR; };
		D77C8D6F8DF36786AF15D710 /* Pods_SportsQuant_SportsQuantUITests.framework */ = {isa = PBXFileReference; explicitFileType = wrapper.framework; includeInIndex = 0; path = Pods_SportsQuant_SportsQuantUITests.framework; sourceTree = BUILT_PRODUCTS_DIR; };
		EDABA02DFC76AAE3D8B3C218 /* Pods-SportsQuantTests.release.xcconfig */ = {isa = PBXFileReference; includeInIndex = 1; lastKnownFileType = text.xcconfig; name = "Pods-SportsQuantTests.release.xcconfig"; path = "Target Support Files/Pods-SportsQuantTests/Pods-SportsQuantTests.release.xcconfig"; sourceTree = "<group>"; };
		F3C4657EFFD2FE4F4A0FA4A5 /* Pods-SportsQuant-SportsQuantUITests.release.xcconfig */ = {isa = PBXFileReference; includeInIndex = 1; lastKnownFileType = text.xcconfig; name = "Pods-SportsQuant-SportsQuantUITests.release.xcconfig"; path = "Target Support Files/Pods-SportsQuant-SportsQuantUITests/Pods-SportsQuant-SportsQuantUITests.release.xcconfig"; sourceTree = "<group>"; };
/* End PBXFileReference section */

/* Begin PBXFrameworksBuildPhase section */
		9D1F129A28F58D91007D1BC0 /* Frameworks */ = {
			isa = PBXFrameworksBuildPhase;
			buildActionMask = 2147483647;
			files = (
				22AB65507D9E997CB8D527F1 /* Pods_SportsQuant.framework in Frameworks */,
			);
			runOnlyForDeploymentPostprocessing = 0;
		};
		9D1F12B028F58D93007D1BC0 /* Frameworks */ = {
			isa = PBXFrameworksBuildPhase;
			buildActionMask = 2147483647;
			files = (
				DBC9A735C834F3F18D566E2D /* Pods_SportsQuantTests.framework in Frameworks */,
			);
			runOnlyForDeploymentPostprocessing = 0;
		};
		9D1F12BA28F58D93007D1BC0 /* Frameworks */ = {
			isa = PBXFrameworksBuildPhase;
			buildActionMask = 2147483647;
			files = (
				1337F6B7217969FF508B2D44 /* Pods_SportsQuant_SportsQuantUITests.framework in Frameworks */,
			);
			runOnlyForDeploymentPostprocessing = 0;
		};
/* End PBXFrameworksBuildPhase section */

/* Begin PBXGroup section */
		1B7D515155610DEFF5388003 /* Frameworks */ = {
			isa = PBXGroup;
			children = (
				6B7B38A5B5860FB8B6FCA06D /* Pods_SportsQuant.framework */,
				D77C8D6F8DF36786AF15D710 /* Pods_SportsQuant_SportsQuantUITests.framework */,
				AEFDD23CD8C18AA95A369F15 /* Pods_SportsQuantTests.framework */,
			);
			name = Frameworks;
			sourceTree = "<group>";
		};
		9D1F129428F58D91007D1BC0 = {
			isa = PBXGroup;
			children = (
				9D1F129F28F58D91007D1BC0 /* SportsQuant */,
				9D1F12B628F58D93007D1BC0 /* SportsQuantTests */,
				9D1F12C028F58D93007D1BC0 /* SportsQuantUITests */,
				9D1F129E28F58D91007D1BC0 /* Products */,
				B21E375B5D8E99A71507E2BD /* Pods */,
				1B7D515155610DEFF5388003 /* Frameworks */,
			);
			sourceTree = "<group>";
		};
		9D1F129E28F58D91007D1BC0 /* Products */ = {
			isa = PBXGroup;
			children = (
				9D1F129D28F58D91007D1BC0 /* SportsQuant.app */,
				9D1F12B328F58D93007D1BC0 /* SportsQuantTests.xctest */,
				9D1F12BD28F58D93007D1BC0 /* SportsQuantUITests.xctest */,
			);
			name = Products;
			sourceTree = "<group>";
		};
		9D1F129F28F58D91007D1BC0 /* SportsQuant */ = {
			isa = PBXGroup;
			children = (
				4EBAF49128F5C7B200BF2EE5 /* ApiModel.swift */,
				4EBAF48F28F5C7B200BF2EE5 /* NetworkManager.swift */,
				4EBAF49028F5C7B200BF2EE5 /* UpcomingOddModel.swift */,
				9D1F12A028F58D91007D1BC0 /* AppDelegate.swift */,
				9D1F12A428F58D91007D1BC0 /* ViewController.swift */,
				9D1F12A628F58D91007D1BC0 /* Main.storyboard */,
				9D902A5928F6D2E8003E44A1 /* PayViewController.swift */,
				9D1F12A928F58D93007D1BC0 /* Assets.xcassets */,
				9D1F12AB28F58D93007D1BC0 /* LaunchScreen.storyboard */,
				9D1F12AE28F58D93007D1BC0 /* Info.plist */,
				9D902A5B28F6D48A003E44A1 /* GoogleService-Info.plist */,
				4EBAF49528F5CF5800BF2EE5 /* SportsBetterDetailTableViewCell.swift */,
				4E479CEC28F5EAE800757C9D /* TagsCollectionViewCell.swift */,
			);
			path = SportsQuant;
			sourceTree = "<group>";
		};
		9D1F12B628F58D93007D1BC0 /* SportsQuantTests */ = {
			isa = PBXGroup;
			children = (
				9D1F12B728F58D93007D1BC0 /* SportsQuantTests.swift */,
			);
			path = SportsQuantTests;
			sourceTree = "<group>";
		};
		9D1F12C028F58D93007D1BC0 /* SportsQuantUITests */ = {
			isa = PBXGroup;
			children = (
				9D1F12C128F58D93007D1BC0 /* SportsQuantUITests.swift */,
				9D1F12C328F58D93007D1BC0 /* SportsQuantUITestsLaunchTests.swift */,
			);
			path = SportsQuantUITests;
			sourceTree = "<group>";
		};
		B21E375B5D8E99A71507E2BD /* Pods */ = {
			isa = PBXGroup;
			children = (
				0FDB582AAE03D8EDF54EBD52 /* Pods-SportsQuant.debug.xcconfig */,
				3FD925993C0673A8F8CDE894 /* Pods-SportsQuant.release.xcconfig */,
				17DE67884E577448D32446CC /* Pods-SportsQuant-SportsQuantUITests.debug.xcconfig */,
				F3C4657EFFD2FE4F4A0FA4A5 /* Pods-SportsQuant-SportsQuantUITests.release.xcconfig */,
				6E82C38F5519EFB00F079A91 /* Pods-SportsQuantTests.debug.xcconfig */,
				EDABA02DFC76AAE3D8B3C218 /* Pods-SportsQuantTests.release.xcconfig */,
			);
			path = Pods;
			sourceTree = "<group>";
		};
/* End PBXGroup section */

/* Begin PBXNativeTarget section */
		9D1F129C28F58D91007D1BC0 /* SportsQuant */ = {
			isa = PBXNativeTarget;
			buildConfigurationList = 9D1F12C728F58D93007D1BC0 /* Build configuration list for PBXNativeTarget "SportsQuant" */;
			buildPhases = (
				3A4CD136EFA30EC61E9D11DA /* [CP] Check Pods Manifest.lock */,
				9D1F129928F58D91007D1BC0 /* Sources */,
				9D1F129A28F58D91007D1BC0 /* Frameworks */,
				9D1F129B28F58D91007D1BC0 /* Resources */,
				31743F7BD9D6B8E745FE93A1 /* [CP] Embed Pods Frameworks */,
			);
			buildRules = (
			);
			dependencies = (
			);
			name = SportsQuant;
			productName = SportsQuant;
			productReference = 9D1F129D28F58D91007D1BC0 /* SportsQuant.app */;
			productType = "com.apple.product-type.application";
		};
		9D1F12B228F58D93007D1BC0 /* SportsQuantTests */ = {
			isa = PBXNativeTarget;
			buildConfigurationList = 9D1F12CA28F58D93007D1BC0 /* Build configuration list for PBXNativeTarget "SportsQuantTests" */;
			buildPhases = (
				F3E2562BE7DA2EF311AABC7C /* [CP] Check Pods Manifest.lock */,
				9D1F12AF28F58D93007D1BC0 /* Sources */,
				9D1F12B028F58D93007D1BC0 /* Frameworks */,
				9D1F12B128F58D93007D1BC0 /* Resources */,
			);
			buildRules = (
			);
			dependencies = (
				9D1F12B528F58D93007D1BC0 /* PBXTargetDependency */,
			);
			name = SportsQuantTests;
			productName = SportsQuantTests;
			productReference = 9D1F12B328F58D93007D1BC0 /* SportsQuantTests.xctest */;
			productType = "com.apple.product-type.bundle.unit-test";
		};
		9D1F12BC28F58D93007D1BC0 /* SportsQuantUITests */ = {
			isa = PBXNativeTarget;
			buildConfigurationList = 9D1F12CD28F58D93007D1BC0 /* Build configuration list for PBXNativeTarget "SportsQuantUITests" */;
			buildPhases = (
				3363C409637F3B915887962E /* [CP] Check Pods Manifest.lock */,
				9D1F12B928F58D93007D1BC0 /* Sources */,
				9D1F12BA28F58D93007D1BC0 /* Frameworks */,
				9D1F12BB28F58D93007D1BC0 /* Resources */,
				BED463C5F70EEE96D4825427 /* [CP] Embed Pods Frameworks */,
			);
			buildRules = (
			);
			dependencies = (
				9D1F12BF28F58D93007D1BC0 /* PBXTargetDependency */,
			);
			name = SportsQuantUITests;
			productName = SportsQuantUITests;
			productReference = 9D1F12BD28F58D93007D1BC0 /* SportsQuantUITests.xctest */;
			productType = "com.apple.product-type.bundle.ui-testing";
		};
/* End PBXNativeTarget section */

/* Begin PBXProject section */
		9D1F129528F58D91007D1BC0 /* Project object */ = {
			isa = PBXProject;
			attributes = {
				BuildIndependentTargetsInParallel = 1;
				LastSwiftUpdateCheck = 1400;
				LastUpgradeCheck = 1400;
				TargetAttributes = {
					9D1F129C28F58D91007D1BC0 = {
						CreatedOnToolsVersion = 14.0.1;
					};
					9D1F12B228F58D93007D1BC0 = {
						CreatedOnToolsVersion = 14.0.1;
						TestTargetID = 9D1F129C28F58D91007D1BC0;
					};
					9D1F12BC28F58D93007D1BC0 = {
						CreatedOnToolsVersion = 14.0.1;
						TestTargetID = 9D1F129C28F58D91007D1BC0;
					};
				};
			};
			buildConfigurationList = 9D1F129828F58D91007D1BC0 /* Build configuration list for PBXProject "SportsQuant" */;
			compatibilityVersion = "Xcode 14.0";
			developmentRegion = en;
			hasScannedForEncodings = 0;
			knownRegions = (
				en,
				Base,
			);
			mainGroup = 9D1F129428F58D91007D1BC0;
			productRefGroup = 9D1F129E28F58D91007D1BC0 /* Products */;
			projectDirPath = "";
			projectRoot = "";
			targets = (
				9D1F129C28F58D91007D1BC0 /* SportsQuant */,
				9D1F12B228F58D93007D1BC0 /* SportsQuantTests */,
				9D1F12BC28F58D93007D1BC0 /* SportsQuantUITests */,
			);
		};
/* End PBXProject section */

/* Begin PBXResourcesBuildPhase section */
		9D1F129B28F58D91007D1BC0 /* Resources */ = {
			isa = PBXResourcesBuildPhase;
			buildActionMask = 2147483647;
			files = (
				9D1F12AD28F58D93007D1BC0 /* LaunchScreen.storyboard in Resources */,
				9D1F12AA28F58D93007D1BC0 /* Assets.xcassets in Resources */,
				9D1F12A828F58D91007D1BC0 /* Main.storyboard in Resources */,
				9D902A5C28F6D48A003E44A1 /* GoogleService-Info.plist in Resources */,
			);
			runOnlyForDeploymentPostprocessing = 0;
		};
		9D1F12B128F58D93007D1BC0 /* Resources */ = {
			isa = PBXResourcesBuildPhase;
			buildActionMask = 2147483647;
			files = (
				9D902A5D28F6D48A003E44A1 /* GoogleService-Info.plist in Resources */,
			);
			runOnlyForDeploymentPostprocessing = 0;
		};
		9D1F12BB28F58D93007D1BC0 /* Resources */ = {
			isa = PBXResourcesBuildPhase;
			buildActionMask = 2147483647;
			files = (
				9D902A5E28F6D48A003E44A1 /* GoogleService-Info.plist in Resources */,
			);
			runOnlyForDeploymentPostprocessing = 0;
		};
/* End PBXResourcesBuildPhase section */

/* Begin PBXShellScriptBuildPhase section */
		31743F7BD9D6B8E745FE93A1 /* [CP] Embed Pods Frameworks */ = {
			isa = PBXShellScriptBuildPhase;
			buildActionMask = 2147483647;
			files = (
			);
			inputFileListPaths = (
				"${PODS_ROOT}/Target Support Files/Pods-SportsQuant/Pods-SportsQuant-frameworks-${CONFIGURATION}-input-files.xcfilelist",
			);
			name = "[CP] Embed Pods Frameworks";
			outputFileListPaths = (
				"${PODS_ROOT}/Target Support Files/Pods-SportsQuant/Pods-SportsQuant-frameworks-${CONFIGURATION}-output-files.xcfilelist",
			);
			runOnlyForDeploymentPostprocessing = 0;
			shellPath = /bin/sh;
			shellScript = "\"${PODS_ROOT}/Target Support Files/Pods-SportsQuant/Pods-SportsQuant-frameworks.sh\"\n";
			showEnvVarsInLog = 0;
		};
		3363C409637F3B915887962E /* [CP] Check Pods Manifest.lock */ = {
			isa = PBXShellScriptBuildPhase;
			buildActionMask = 2147483647;
			files = (
			);
			inputFileListPaths = (
			);
			inputPaths = (
				"${PODS_PODFILE_DIR_PATH}/Podfile.lock",
				"${PODS_ROOT}/Manifest.lock",
			);
			name = "[CP] Check Pods Manifest.lock";
			outputFileListPaths = (
			);
			outputPaths = (
				"$(DERIVED_FILE_DIR)/Pods-SportsQuant-SportsQuantUITests-checkManifestLockResult.txt",
			);
			runOnlyForDeploymentPostprocessing = 0;
			shellPath = /bin/sh;
			shellScript = "diff \"${PODS_PODFILE_DIR_PATH}/Podfile.lock\" \"${PODS_ROOT}/Manifest.lock\" > /dev/null\nif [ $? != 0 ] ; then\n    # print error to STDERR\n    echo \"error: The sandbox is not in sync with the Podfile.lock. Run 'pod install' or update your CocoaPods installation.\" >&2\n    exit 1\nfi\n# This output is used by Xcode 'outputs' to avoid re-running this script phase.\necho \"SUCCESS\" > \"${SCRIPT_OUTPUT_FILE_0}\"\n";
			showEnvVarsInLog = 0;
		};
		3A4CD136EFA30EC61E9D11DA /* [CP] Check Pods Manifest.lock */ = {
			isa = PBXShellScriptBuildPhase;
			buildActionMask = 2147483647;
			files = (
			);
			inputFileListPaths = (
			);
			inputPaths = (
				"${PODS_PODFILE_DIR_PATH}/Podfile.lock",
				"${PODS_ROOT}/Manifest.lock",
			);
			name = "[CP] Check Pods Manifest.lock";
			outputFileListPaths = (
			);
			outputPaths = (
				"$(DERIVED_FILE_DIR)/Pods-SportsQuant-checkManifestLockResult.txt",
			);
			runOnlyForDeploymentPostprocessing = 0;
			shellPath = /bin/sh;
			shellScript = "diff \"${PODS_PODFILE_DIR_PATH}/Podfile.lock\" \"${PODS_ROOT}/Manifest.lock\" > /dev/null\nif [ $? != 0 ] ; then\n    # print error to STDERR\n    echo \"error: The sandbox is not in sync with the Podfile.lock. Run 'pod install' or update your CocoaPods installation.\" >&2\n    exit 1\nfi\n# This output is used by Xcode 'outputs' to avoid re-running this script phase.\necho \"SUCCESS\" > \"${SCRIPT_OUTPUT_FILE_0}\"\n";
			showEnvVarsInLog = 0;
		};
		BED463C5F70EEE96D4825427 /* [CP] Embed Pods Frameworks */ = {
			isa = PBXShellScriptBuildPhase;
			buildActionMask = 2147483647;
			files = (
			);
			inputFileListPaths = (
				"${PODS_ROOT}/Target Support Files/Pods-SportsQuant-SportsQuantUITests/Pods-SportsQuant-SportsQuantUITests-frameworks-${CONFIGURATION}-input-files.xcfilelist",
			);
			name = "[CP] Embed Pods Frameworks";
			outputFileListPaths = (
				"${PODS_ROOT}/Target Support Files/Pods-SportsQuant-SportsQuantUITests/Pods-SportsQuant-SportsQuantUITests-frameworks-${CONFIGURATION}-output-files.xcfilelist",
			);
			runOnlyForDeploymentPostprocessing = 0;
			shellPath = /bin/sh;
			shellScript = "\"${PODS_ROOT}/Target Support Files/Pods-SportsQuant-SportsQuantUITests/Pods-SportsQuant-SportsQuantUITests-frameworks.sh\"\n";
			showEnvVarsInLog = 0;
		};
		F3E2562BE7DA2EF311AABC7C /* [CP] Check Pods Manifest.lock */ = {
			isa = PBXShellScriptBuildPhase;
			buildActionMask = 2147483647;
			files = (
			);
			inputFileListPaths = (
			);
			inputPaths = (
				"${PODS_PODFILE_DIR_PATH}/Podfile.lock",
				"${PODS_ROOT}/Manifest.lock",
			);
			name = "[CP] Check Pods Manifest.lock";
			outputFileListPaths = (
			);
			outputPaths = (
				"$(DERIVED_FILE_DIR)/Pods-SportsQuantTests-checkManifestLockResult.txt",
			);
			runOnlyForDeploymentPostprocessing = 0;
			shellPath = /bin/sh;
			shellScript = "diff \"${PODS_PODFILE_DIR_PATH}/Podfile.lock\" \"${PODS_ROOT}/Manifest.lock\" > /dev/null\nif [ $? != 0 ] ; then\n    # print error to STDERR\n    echo \"error: The sandbox is not in sync with the Podfile.lock. Run 'pod install' or update your CocoaPods installation.\" >&2\n    exit 1\nfi\n# This output is used by Xcode 'outputs' to avoid re-running this script phase.\necho \"SUCCESS\" > \"${SCRIPT_OUTPUT_FILE_0}\"\n";
			showEnvVarsInLog = 0;
		};
/* End PBXShellScriptBuildPhase section */

/* Begin PBXSourcesBuildPhase section */
		9D1F129928F58D91007D1BC0 /* Sources */ = {
			isa = PBXSourcesBuildPhase;
			buildActionMask = 2147483647;
			files = (
				4EBAF49228F5C7B300BF2EE5 /* NetworkManager.swift in Sources */,
				4EBAF49628F5CF5800BF2EE5 /* SportsBetterDetailTableViewCell.swift in Sources */,
				4E479CED28F5EAE800757C9D /* TagsCollectionViewCell.swift in Sources */,
				9D902A5A28F6D2E8003E44A1 /* PayViewController.swift in Sources */,
				9D1F12A528F58D91007D1BC0 /* ViewController.swift in Sources */,
				9D1F12A128F58D91007D1BC0 /* AppDelegate.swift in Sources */,
				4EBAF49328F5C7B300BF2EE5 /* UpcomingOddModel.swift in Sources */,
				4EBAF49428F5C7B300BF2EE5 /* ApiModel.swift in Sources */,
			);
			runOnlyForDeploymentPostprocessing = 0;
		};
		9D1F12AF28F58D93007D1BC0 /* Sources */ = {
			isa = PBXSourcesBuildPhase;
			buildActionMask = 2147483647;
			files = (
				9D1F12B828F58D93007D1BC0 /* SportsQuantTests.swift in Sources */,
			);
			runOnlyForDeploymentPostprocessing = 0;
		};
		9D1F12B928F58D93007D1BC0 /* Sources */ = {
			isa = PBXSourcesBuildPhase;
			buildActionMask = 2147483647;
			files = (
				9D1F12C228F58D93007D1BC0 /* SportsQuantUITests.swift in Sources */,
				9D1F12C428F58D93007D1BC0 /* SportsQuantUITestsLaunchTests.swift in Sources */,
			);
			runOnlyForDeploymentPostprocessing = 0;
		};
/* End PBXSourcesBuildPhase section */

/* Begin PBXTargetDependency section */
		9D1F12B528F58D93007D1BC0 /* PBXTargetDependency */ = {
			isa = PBXTargetDependency;
			target = 9D1F129C28F58D91007D1BC0 /* SportsQuant */;
			targetProxy = 9D1F12B428F58D93007D1BC0 /* PBXContainerItemProxy */;
		};
		9D1F12BF28F58D93007D1BC0 /* PBXTargetDependency */ = {
			isa = PBXTargetDependency;
			target = 9D1F129C28F58D91007D1BC0 /* SportsQuant */;
			targetProxy = 9D1F12BE28F58D93007D1BC0 /* PBXContainerItemProxy */;
		};
/* End PBXTargetDependency section */

/* Begin PBXVariantGroup section */
		9D1F12A628F58D91007D1BC0 /* Main.storyboard */ = {
			isa = PBXVariantGroup;
			children = (
				9D1F12A728F58D91007D1BC0 /* Base */,
			);
			name = Main.storyboard;
			sourceTree = "<group>";
		};
		9D1F12AB28F58D93007D1BC0 /* LaunchScreen.storyboard */ = {
			isa = PBXVariantGroup;
			children = (
				9D1F12AC28F58D93007D1BC0 /* Base */,
			);
			name = LaunchScreen.storyboard;
			sourceTree = "<group>";
		};
/* End PBXVariantGroup section */

/* Begin XCBuildConfiguration section */
		9D1F12C528F58D93007D1BC0 /* Debug */ = {
			isa = XCBuildConfiguration;
			buildSettings = {
				ALWAYS_SEARCH_USER_PATHS = NO;
				CLANG_ANALYZER_NONNULL = YES;
				CLANG_ANALYZER_NUMBER_OBJECT_CONVERSION = YES_AGGRESSIVE;
				CLANG_CXX_LANGUAGE_STANDARD = "gnu++20";
				CLANG_ENABLE_MODULES = YES;
				CLANG_ENABLE_OBJC_ARC = YES;
				CLANG_ENABLE_OBJC_WEAK = YES;
				CLANG_WARN_BLOCK_CAPTURE_AUTORELEASING = YES;
				CLANG_WARN_BOOL_CONVERSION = YES;
				CLANG_WARN_COMMA = YES;
				CLANG_WARN_CONSTANT_CONVERSION = YES;
				CLANG_WARN_DEPRECATED_OBJC_IMPLEMENTATIONS = YES;
				CLANG_WARN_DIRECT_OBJC_ISA_USAGE = YES_ERROR;
				CLANG_WARN_DOCUMENTATION_COMMENTS = YES;
				CLANG_WARN_EMPTY_BODY = YES;
				CLANG_WARN_ENUM_CONVERSION = YES;
				CLANG_WARN_INFINITE_RECURSION = YES;
				CLANG_WARN_INT_CONVERSION = YES;
				CLANG_WARN_NON_LITERAL_NULL_CONVERSION = YES;
				CLANG_WARN_OBJC_IMPLICIT_RETAIN_SELF = YES;
				CLANG_WARN_OBJC_LITERAL_CONVERSION = YES;
				CLANG_WARN_OBJC_ROOT_CLASS = YES_ERROR;
				CLANG_WARN_QUOTED_INCLUDE_IN_FRAMEWORK_HEADER = YES;
				CLANG_WARN_RANGE_LOOP_ANALYSIS = YES;
				CLANG_WARN_STRICT_PROTOTYPES = YES;
				CLANG_WARN_SUSPICIOUS_MOVE = YES;
				CLANG_WARN_UNGUARDED_AVAILABILITY = YES_AGGRESSIVE;
				CLANG_WARN_UNREACHABLE_CODE = YES;
				CLANG_WARN__DUPLICATE_METHOD_MATCH = YES;
				COPY_PHASE_STRIP = NO;
				DEBUG_INFORMATION_FORMAT = dwarf;
				ENABLE_STRICT_OBJC_MSGSEND = YES;
				ENABLE_TESTABILITY = YES;
				GCC_C_LANGUAGE_STANDARD = gnu11;
				GCC_DYNAMIC_NO_PIC = NO;
				GCC_NO_COMMON_BLOCKS = YES;
				GCC_OPTIMIZATION_LEVEL = 0;
				GCC_PREPROCESSOR_DEFINITIONS = (
					"DEBUG=1",
					"$(inherited)",
				);
				GCC_WARN_64_TO_32_BIT_CONVERSION = YES;
				GCC_WARN_ABOUT_RETURN_TYPE = YES_ERROR;
				GCC_WARN_UNDECLARED_SELECTOR = YES;
				GCC_WARN_UNINITIALIZED_AUTOS = YES_AGGRESSIVE;
				GCC_WARN_UNUSED_FUNCTION = YES;
				GCC_WARN_UNUSED_VARIABLE = YES;
				IPHONEOS_DEPLOYMENT_TARGET = 16.0;
				MTL_ENABLE_DEBUG_INFO = INCLUDE_SOURCE;
				MTL_FAST_MATH = YES;
				ONLY_ACTIVE_ARCH = YES;
				SDKROOT = iphoneos;
				SWIFT_ACTIVE_COMPILATION_CONDITIONS = DEBUG;
				SWIFT_OPTIMIZATION_LEVEL = "-Onone";
			};
			name = Debug;
		};
		9D1F12C628F58D93007D1BC0 /* Release */ = {
			isa = XCBuildConfiguration;
			buildSettings = {
				ALWAYS_SEARCH_USER_PATHS = NO;
				CLANG_ANALYZER_NONNULL = YES;
				CLANG_ANALYZER_NUMBER_OBJECT_CONVERSION = YES_AGGRESSIVE;
				CLANG_CXX_LANGUAGE_STANDARD = "gnu++20";
				CLANG_ENABLE_MODULES = YES;
				CLANG_ENABLE_OBJC_ARC = YES;
				CLANG_ENABLE_OBJC_WEAK = YES;
				CLANG_WARN_BLOCK_CAPTURE_AUTORELEASING = YES;
				CLANG_WARN_BOOL_CONVERSION = YES;
				CLANG_WARN_COMMA = YES;
				CLANG_WARN_CONSTANT_CONVERSION = YES;
				CLANG_WARN_DEPRECATED_OBJC_IMPLEMENTATIONS = YES;
				CLANG_WARN_DIRECT_OBJC_ISA_USAGE = YES_ERROR;
				CLANG_WARN_DOCUMENTATION_COMMENTS = YES;
				CLANG_WARN_EMPTY_BODY = YES;
				CLANG_WARN_ENUM_CONVERSION = YES;
				CLANG_WARN_INFINITE_RECURSION = YES;
				CLANG_WARN_INT_CONVERSION = YES;
				CLANG_WARN_NON_LITERAL_NULL_CONVERSION = YES;
				CLANG_WARN_OBJC_IMPLICIT_RETAIN_SELF = YES;
				CLANG_WARN_OBJC_LITERAL_CONVERSION = YES;
				CLANG_WARN_OBJC_ROOT_CLASS = YES_ERROR;
				CLANG_WARN_QUOTED_INCLUDE_IN_FRAMEWORK_HEADER = YES;
				CLANG_WARN_RANGE_LOOP_ANALYSIS = YES;
				CLANG_WARN_STRICT_PROTOTYPES = YES;
				CLANG_WARN_SUSPICIOUS_MOVE = YES;
				CLANG_WARN_UNGUARDED_AVAILABILITY = YES_AGGRESSIVE;
				CLANG_WARN_UNREACHABLE_CODE = YES;
				CLANG_WARN__DUPLICATE_METHOD_MATCH = YES;
				COPY_PHASE_STRIP = NO;
				DEBUG_INFORMATION_FORMAT = "dwarf-with-dsym";
				ENABLE_NS_ASSERTIONS = NO;
				ENABLE_STRICT_OBJC_MSGSEND = YES;
				GCC_C_LANGUAGE_STANDARD = gnu11;
				GCC_NO_COMMON_BLOCKS = YES;
				GCC_WARN_64_TO_32_BIT_CONVERSION = YES;
				GCC_WARN_ABOUT_RETURN_TYPE = YES_ERROR;
				GCC_WARN_UNDECLARED_SELECTOR = YES;
				GCC_WARN_UNINITIALIZED_AUTOS = YES_AGGRESSIVE;
				GCC_WARN_UNUSED_FUNCTION = YES;
				GCC_WARN_UNUSED_VARIABLE = YES;
				IPHONEOS_DEPLOYMENT_TARGET = 16.0;
				MTL_ENABLE_DEBUG_INFO = NO;
				MTL_FAST_MATH = YES;
				SDKROOT = iphoneos;
				SWIFT_COMPILATION_MODE = wholemodule;
				SWIFT_OPTIMIZATION_LEVEL = "-O";
				VALIDATE_PRODUCT = YES;
			};
			name = Release;
		};
		9D1F12C828F58D93007D1BC0 /* Debug */ = {
			isa = XCBuildConfiguration;
			baseConfigurationReference = 0FDB582AAE03D8EDF54EBD52 /* Pods-SportsQuant.debug.xcconfig */;
			buildSettings = {
				ASSETCATALOG_COMPILER_APPICON_NAME = "AppIcon 1";
				ASSETCATALOG_COMPILER_GLOBAL_ACCENT_COLOR_NAME = AccentColor;
				CODE_SIGN_STYLE = Automatic;
				CURRENT_PROJECT_VERSION = 1;
				DEVELOPMENT_TEAM = KG7NFCGVM4;
				GENERATE_INFOPLIST_FILE = YES;
				INFOPLIST_FILE = SportsQuant/Info.plist;
				INFOPLIST_KEY_CFBundleDisplayName = "Resume Builder";
				INFOPLIST_KEY_LSApplicationCategoryType = "public.app-category.productivity";
				INFOPLIST_KEY_UIApplicationSupportsIndirectInputEvents = YES;
				INFOPLIST_KEY_UILaunchStoryboardName = LaunchScreen;
				INFOPLIST_KEY_UIMainStoryboardFile = Main;
				INFOPLIST_KEY_UISupportedInterfaceOrientations_iPad = "UIInterfaceOrientationPortrait UIInterfaceOrientationPortraitUpsideDown UIInterfaceOrientationLandscapeLeft UIInterfaceOrientationLandscapeRight";
				INFOPLIST_KEY_UISupportedInterfaceOrientations_iPhone = "UIInterfaceOrientationPortrait UIInterfaceOrientationLandscapeLeft UIInterfaceOrientationLandscapeRight";
				IPHONEOS_DEPLOYMENT_TARGET = 15.0;
				LD_RUNPATH_SEARCH_PATHS = (
					"$(inherited)",
					"@executable_path/Frameworks",
				);
				MARKETING_VERSION = 1.0;
				PRODUCT_BUNDLE_IDENTIFIER = happyappsorg.SportsQuant;
				PRODUCT_NAME = "$(TARGET_NAME)";
				SUPPORTED_PLATFORMS = "iphoneos iphonesimulator";
				SUPPORTS_MACCATALYST = NO;
				SUPPORTS_MAC_DESIGNED_FOR_IPHONE_IPAD = NO;
				SWIFT_EMIT_LOC_STRINGS = YES;
				SWIFT_VERSION = 5.0;
				TARGETED_DEVICE_FAMILY = 1;
			};
			name = Debug;
		};
		9D1F12C928F58D93007D1BC0 /* Release */ = {
			isa = XCBuildConfiguration;
			baseConfigurationReference = 3FD925993C0673A8F8CDE894 /* Pods-SportsQuant.release.xcconfig */;
			buildSettings = {
				ASSETCATALOG_COMPILER_APPICON_NAME = "AppIcon 1";
				ASSETCATALOG_COMPILER_GLOBAL_ACCENT_COLOR_NAME = AccentColor;
				CODE_SIGN_STYLE = Automatic;
				CURRENT_PROJECT_VERSION = 1;
				DEVELOPMENT_TEAM = KG7NFCGVM4;
				GENERATE_INFOPLIST_FILE = YES;
				INFOPLIST_FILE = SportsQuant/Info.plist;
				INFOPLIST_KEY_CFBundleDisplayName = "Resume Builder";
				INFOPLIST_KEY_LSApplicationCategoryType = "public.app-category.productivity";
				INFOPLIST_KEY_UIApplicationSupportsIndirectInputEvents = YES;
				INFOPLIST_KEY_UILaunchStoryboardName = LaunchScreen;
				INFOPLIST_KEY_UIMainStoryboardFile = Main;
				INFOPLIST_KEY_UISupportedInterfaceOrientations_iPad = "UIInterfaceOrientationPortrait UIInterfaceOrientationPortraitUpsideDown UIInterfaceOrientationLandscapeLeft UIInterfaceOrientationLandscapeRight";
				INFOPLIST_KEY_UISupportedInterfaceOrientations_iPhone = "UIInterfaceOrientationPortrait UIInterfaceOrientationLandscapeLeft UIInterfaceOrientationLandscapeRight";
				IPHONEOS_DEPLOYMENT_TARGET = 15.0;
				LD_RUNPATH_SEARCH_PATHS = (
					"$(inherited)",
					"@executable_path/Frameworks",
				);
				MARKETING_VERSION = 1.0;
				PRODUCT_BUNDLE_IDENTIFIER = happyappsorg.SportsQuant;
				PRODUCT_NAME = "$(TARGET_NAME)";
				SUPPORTED_PLATFORMS = "iphoneos iphonesimulator";
				SUPPORTS_MACCATALYST = NO;
				SUPPORTS_MAC_DESIGNED_FOR_IPHONE_IPAD = NO;
				SWIFT_EMIT_LOC_STRINGS = YES;
				SWIFT_VERSION = 5.0;
				TARGETED_DEVICE_FAMILY = 1;
			};
			name = Release;
		};
		9D1F12CB28F58D93007D1BC0 /* Debug */ = {
			isa = XCBuildConfiguration;
			baseConfigurationReference = 6E82C38F5519EFB00F079A91 /* Pods-SportsQuantTests.debug.xcconfig */;
			buildSettings = {
				ALWAYS_EMBED_SWIFT_STANDARD_LIBRARIES = YES;
				BUNDLE_LOADER = "$(TEST_HOST)";
				CODE_SIGN_STYLE = Automatic;
				CURRENT_PROJECT_VERSION = 1;
				DEVELOPMENT_TEAM = KG7NFCGVM4;
				GENERATE_INFOPLIST_FILE = YES;
				IPHONEOS_DEPLOYMENT_TARGET = 16.0;
				MARKETING_VERSION = 1.0;
				PRODUCT_BUNDLE_IDENTIFIER = happyappsorg.SportsQuantTests;
				PRODUCT_NAME = "$(TARGET_NAME)";
				SWIFT_EMIT_LOC_STRINGS = NO;
				SWIFT_VERSION = 5.0;
				TARGETED_DEVICE_FAMILY = "1,2";
				TEST_HOST = "$(BUILT_PRODUCTS_DIR)/SportsQuant.app/$(BUNDLE_EXECUTABLE_FOLDER_PATH)/SportsQuant";
			};
			name = Debug;
		};
		9D1F12CC28F58D93007D1BC0 /* Release */ = {
			isa = XCBuildConfiguration;
			baseConfigurationReference = EDABA02DFC76AAE3D8B3C218 /* Pods-SportsQuantTests.release.xcconfig */;
			buildSettings = {
				ALWAYS_EMBED_SWIFT_STANDARD_LIBRARIES = YES;
				BUNDLE_LOADER = "$(TEST_HOST)";
				CODE_SIGN_STYLE = Automatic;
				CURRENT_PROJECT_VERSION = 1;
				DEVELOPMENT_TEAM = KG7NFCGVM4;
				GENERATE_INFOPLIST_FILE = YES;
				IPHONEOS_DEPLOYMENT_TARGET = 16.0;
				MARKETING_VERSION = 1.0;
				PRODUCT_BUNDLE_IDENTIFIER = happyappsorg.SportsQuantTests;
				PRODUCT_NAME = "$(TARGET_NAME)";
				SWIFT_EMIT_LOC_STRINGS = NO;
				SWIFT_VERSION = 5.0;
				TARGETED_DEVICE_FAMILY = "1,2";
				TEST_HOST = "$(BUILT_PRODUCTS_DIR)/SportsQuant.app/$(BUNDLE_EXECUTABLE_FOLDER_PATH)/SportsQuant";
			};
			name = Release;
		};
		9D1F12CE28F58D93007D1BC0 /* Debug */ = {
			isa = XCBuildConfiguration;
			baseConfigurationReference = 17DE67884E577448D32446CC /* Pods-SportsQuant-SportsQuantUITests.debug.xcconfig */;
			buildSettings = {
				ALWAYS_EMBED_SWIFT_STANDARD_LIBRARIES = YES;
				CODE_SIGN_STYLE = Automatic;
				CURRENT_PROJECT_VERSION = 1;
				DEVELOPMENT_TEAM = KG7NFCGVM4;
				GENERATE_INFOPLIST_FILE = YES;
				MARKETING_VERSION = 1.0;
				PRODUCT_BUNDLE_IDENTIFIER = happyappsorg.SportsQuantUITests;
				PRODUCT_NAME = "$(TARGET_NAME)";
				SWIFT_EMIT_LOC_STRINGS = NO;
				SWIFT_VERSION = 5.0;
				TARGETED_DEVICE_FAMILY = "1,2";
				TEST_TARGET_NAME = SportsQuant;
			};
			name = Debug;
		};
		9D1F12CF28F58D93007D1BC0 /* Release */ = {
			isa = XCBuildConfiguration;
			baseConfigurationReference = F3C4657EFFD2FE4F4A0FA4A5 /* Pods-SportsQuant-SportsQuantUITests.release.xcconfig */;
			buildSettings = {
				ALWAYS_EMBED_SWIFT_STANDARD_LIBRARIES = YES;
				CODE_SIGN_STYLE = Automatic;
				CURRENT_PROJECT_VERSION = 1;
				DEVELOPMENT_TEAM = KG7NFCGVM4;
				GENERATE_INFOPLIST_FILE = YES;
				MARKETING_VERSION = 1.0;
				PRODUCT_BUNDLE_IDENTIFIER = happyappsorg.SportsQuantUITests;
				PRODUCT_NAME = "$(TARGET_NAME)";
				SWIFT_EMIT_LOC_STRINGS = NO;
				SWIFT_VERSION = 5.0;
				TARGETED_DEVICE_FAMILY = "1,2";
				TEST_TARGET_NAME = SportsQuant;
			};
			name = Release;
		};
/* End XCBuildConfiguration section */

/* Begin XCConfigurationList section */
		9D1F129828F58D91007D1BC0 /* Build configuration list for PBXProject "SportsQuant" */ = {
			isa = XCConfigurationList;
			buildConfigurations = (
				9D1F12C528F58D93007D1BC0 /* Debug */,
				9D1F12C628F58D93007D1BC0 /* Release */,
			);
			defaultConfigurationIsVisible = 0;
			defaultConfigurationName = Release;
		};
		9D1F12C728F58D93007D1BC0 /* Build configuration list for PBXNativeTarget "SportsQuant" */ = {
			isa = XCConfigurationList;
			buildConfigurations = (
				9D1F12C828F58D93007D1BC0 /* Debug */,
				9D1F12C928F58D93007D1BC0 /* Release */,
			);
			defaultConfigurationIsVisible = 0;
			defaultConfigurationName = Release;
		};
		9D1F12CA28F58D93007D1BC0 /* Build configuration list for PBXNativeTarget "SportsQuantTests" */ = {
			isa = XCConfigurationList;
			buildConfigurations = (
				9D1F12CB28F58D93007D1BC0 /* Debug */,
				9D1F12CC28F58D93007D1BC0 /* Release */,
			);
			defaultConfigurationIsVisible = 0;
			defaultConfigurationName = Release;
		};
		9D1F12CD28F58D93007D1BC0 /* Build configuration list for PBXNativeTarget "SportsQuantUITests" */ = {
			isa = XCConfigurationList;
			buildConfigurations = (
				9D1F12CE28F58D93007D1BC0 /* Debug */,
				9D1F12CF28F58D93007D1BC0 /* Release */,
			);
			defaultConfigurationIsVisible = 0;
			defaultConfigurationName = Release;
		};
/* End XCConfigurationList section */
	};
	rootObject = 9D1F129528F58D91007D1BC0 /* Project object */;
}
